
Microsoft Visual Studio Solution File, Format Version 12.00
# Visual Studio Version 17
VisualStudioVersion = 17.11.35219.272
MinimumVisualStudioVersion = 10.0.40219.1
Project("{FAE04EC0-301F-11D3-BF4B-00C04F79EFBC}") = "otros ejercicios de c#", "otros ejercicios de c#.csproj", "{E969692C-2351-4767-BB37-6639F37D126D}"
EndProject
Project("{FAE04EC0-301F-11D3-BF4B-00C04F79EFBC}") = "eje31", "..\eje31\eje31.csproj", "{7A4B19C2-2D9C-41BE-B5E0-EA823D1EEF64}"
EndProject
Project("{FAE04EC0-301F-11D3-BF4B-00C04F79EFBC}") = "ejercicio33", "..\ejercicio33\ejercicio33.csproj", "{FD58ED5F-102D-4052-A5E8-140A12E8842A}"
EndProject
Project("{FAE04EC0-301F-11D3-BF4B-00C04F79EFBC}") = "ejercicio49", "..\ejercicio49\ejercicio49.csproj", "{6632EA2C-0F03-474F-8CF4-42F34FAAA7A3}"
EndProject
Project("{FAE04EC0-301F-11D3-BF4B-00C04F79EFBC}") = "ejercicio57", "..\ejercicio57\ejercicio57.csproj", "{E4A254B7-35B4-490D-A869-C33659CCFEBE}"
EndProject
Project("{FAE04EC0-301F-11D3-BF4B-00C04F79EFBC}") = "EstudianteProfesorApp", "..\EstudianteProfesorApp\EstudianteProfesorApp.csproj", "{39EE03D9-3946-4CA9-BAFD-5BAE6E6B0C60}"
EndProject
Global
	GlobalSection(SolutionConfigurationPlatforms) = preSolution
		Debug|Any CPU = Debug|Any CPU
		Release|Any CPU = Release|Any CPU
	EndGlobalSection
	GlobalSection(ProjectConfigurationPlatforms) = postSolution
		{E969692C-2351-4767-BB37-6639F37D126D}.Debug|Any CPU.ActiveCfg = Debug|Any CPU
		{E969692C-2351-4767-BB37-6639F37D126D}.Debug|Any CPU.Build.0 = Debug|Any CPU
		{E969692C-2351-4767-BB37-6639F37D126D}.Release|Any CPU.ActiveCfg = Release|Any CPU
		{E969692C-2351-4767-BB37-6639F37D126D}.Release|Any CPU.Build.0 = Release|Any CPU
		{7A4B19C2-2D9C-41BE-B5E0-EA823D1EEF64}.Debug|Any CPU.ActiveCfg = Debug|Any CPU
		{7A4B19C2-2D9C-41BE-B5E0-EA823D1EEF64}.Debug|Any CPU.Build.0 = Debug|Any CPU
		{7A4B19C2-2D9C-41BE-B5E0-EA823D1EEF64}.Release|Any CPU.ActiveCfg = Release|Any CPU
		{7A4B19C2-2D9C-41BE-B5E0-EA823D1EEF64}.Release|Any CPU.Build.0 = Release|Any CPU
		{FD58ED5F-102D-4052-A5E8-140A12E8842A}.Debug|Any CPU.ActiveCfg = Debug|Any CPU
		{FD58ED5F-102D-4052-A5E8-140A12E8842A}.Debug|Any CPU.Build.0 = Debug|Any CPU
		{FD58ED5F-102D-4052-A5E8-140A12E8842A}.Release|Any CPU.ActiveCfg = Release|Any CPU
		{FD58ED5F-102D-4052-A5E8-140A12E8842A}.Release|Any CPU.Build.0 = Release|Any CPU
		{6632EA2C-0F03-474F-8CF4-42F34FAAA7A3}.Debug|Any CPU.ActiveCfg = Debug|Any CPU
		{6632EA2C-0F03-474F-8CF4-42F34FAAA7A3}.Debug|Any CPU.Build.0 = Debug|Any CPU
		{6632EA2C-0F03-474F-8CF4-42F34FAAA7A3}.Release|Any CPU.ActiveCfg = Release|Any CPU
		{6632EA2C-0F03-474F-8CF4-42F34FAAA7A3}.Release|Any CPU.Build.0 = Release|Any CPU
		{E4A254B7-35B4-490D-A869-C33659CCFEBE}.Debug|Any CPU.ActiveCfg = Debug|Any CPU
		{E4A254B7-35B4-490D-A869-C33659CCFEBE}.Debug|Any CPU.Build.0 = Debug|Any CPU
		{E4A254B7-35B4-490D-A869-C33659CCFEBE}.Release|Any CPU.ActiveCfg = Release|Any CPU
		{E4A254B7-35B4-490D-A869-C33659CCFEBE}.Release|Any CPU.Build.0 = Release|Any CPU
		{39EE03D9-3946-4CA9-BAFD-5BAE6E6B0C60}.Debug|Any CPU.ActiveCfg = Debug|Any CPU
		{39EE03D9-3946-4CA9-BAFD-5BAE6E6B0C60}.Debug|Any CPU.Build.0 = Debug|Any CPU
		{39EE03D9-3946-4CA9-BAFD-5BAE6E6B0C60}.Release|Any CPU.ActiveCfg = Release|Any CPU
		{39EE03D9-3946-4CA9-BAFD-5BAE6E6B0C60}.Release|Any CPU.Build.0 = Release|Any CPU
	EndGlobalSection
	GlobalSection(SolutionProperties) = preSolution
		HideSolutionNode = FALSE
	EndGlobalSection
	GlobalSection(ExtensibilityGlobals) = postSolution
		SolutionGuid = {7189055D-9FC5-428F-BDBB-EC95713CFA4C}
	EndGlobalSection
EndGlobal
